
Microsoft Visual Studio Solution File, Format Version 12.00
# Visual Studio Version 16
VisualStudioVersion = 16.0.30503.244
MinimumVisualStudioVersion = 10.0.40219.1
Project("{FAE04EC0-301F-11D3-BF4B-00C04F79EFBC}") = "ConexionBD", "ConexionBD\ConexionBD.csproj", "{5A39F32D-80E4-4181-AE44-51DAC1B7F9EF}"
EndProject
Global
	GlobalSection(SolutionConfigurationPlatforms) = preSolution
		Debug|Any CPU = Debug|Any CPU
		Release|Any CPU = Release|Any CPU
	EndGlobalSection
	GlobalSection(ProjectConfigurationPlatforms) = postSolution
		{5A39F32D-80E4-4181-AE44-51DAC1B7F9EF}.Debug|Any CPU.ActiveCfg = Debug|Any CPU
		{5A39F32D-80E4-4181-AE44-51DAC1B7F9EF}.Debug|Any CPU.Build.0 = Debug|Any CPU
		{5A39F32D-80E4-4181-AE44-51DAC1B7F9EF}.Release|Any CPU.ActiveCfg = Release|Any CPU
		{5A39F32D-80E4-4181-AE44-51DAC1B7F9EF}.Release|Any CPU.Build.0 = Release|Any CPU
	EndGlobalSection
	GlobalSection(SolutionProperties) = preSolution
		HideSolutionNode = FALSE
	EndGlobalSection
	GlobalSection(ExtensibilityGlobals) = postSolution
		SolutionGuid = {F1ADE735-4F6B-4FF2-8D81-110473687B44}
	EndGlobalSection
EndGlobal
